{
  "version": 4,
  "terraform_version": "0.12.24",
  "serial": 62,
  "lineage": "0d391113-217b-e3b8-76e2-e7e4b9b6242e",
  "outputs": {},
  "resources": [
    {
      "mode": "data",
      "type": "aws_availability_zones",
      "name": "aws_azs",
      "provider": "provider.aws",
      "instances": [
        {
          "schema_version": 0,
          "attributes": {
            "blacklisted_names": null,
            "blacklisted_zone_ids": null,
            "id": "2020-04-06 13:11:02.1504642 +0000 UTC",
            "names": [
              "eu-west-3a",
              "eu-west-3b",
              "eu-west-3c"
            ],
            "state": null,
            "zone_ids": [
              "euw3-az1",
              "euw3-az2",
              "euw3-az3"
            ]
          }
        }
      ]
    },
    {
      "mode": "data",
      "type": "aws_caller_identity",
      "name": "current",
      "provider": "provider.aws",
      "instances": [
        {
          "schema_version": 0,
          "attributes": {
            "account_id": "061587139304",
            "arn": "arn:aws:iam::061587139304:user/terraform",
            "id": "2020-04-06 13:11:02.6032345 +0000 UTC",
            "user_id": "AIDAQ4VXBFLUKJM2WBQI6"
          }
        }
      ]
    },
    {
      "mode": "data",
      "type": "aws_eks_cluster_auth",
      "name": "eks_author",
      "provider": "provider.aws",
      "instances": [
        {
          "schema_version": 0,
          "attributes": {
            "id": "2020-04-06 13:11:04.2595363 +0000 UTC",
            "name": "cluster01",
            "token": "k8s-aws-v1.aHR0cHM6Ly9zdHMuYW1hem9uYXdzLmNvbS8_QWN0aW9uPUdldENhbGxlcklkZW50aXR5JlZlcnNpb249MjAxMS0wNi0xNSZYLUFtei1BbGdvcml0aG09QVdTNC1ITUFDLVNIQTI1NiZYLUFtei1DcmVkZW50aWFsPUFLSUFRNFZYQkZMVUxURTJQWllNJTJGMjAyMDA0MDYlMkZ1cy1lYXN0LTElMkZzdHMlMkZhd3M0X3JlcXVlc3QmWC1BbXotRGF0ZT0yMDIwMDQwNlQxMzExMDRaJlgtQW16LUV4cGlyZXM9MCZYLUFtei1TaWduZWRIZWFkZXJzPWhvc3QlM0J4LWs4cy1hd3MtaWQmWC1BbXotU2lnbmF0dXJlPTgyZjg2NDkxZWMyZDljMGYxZTcyODljODAwZWQ5MDAzMmNiMTM0N2NlMzJhNzQyNmNmYWZiMDFiZjg0M2MzOTc"
          }
        }
      ]
    },
    {
      "mode": "data",
      "type": "aws_iam_policy_document",
      "name": "kubectl_assume_role_policy",
      "provider": "provider.aws",
      "instances": [
        {
          "schema_version": 0,
          "attributes": {
            "id": "167442731",
            "json": "{\n  \"Version\": \"2012-10-17\",\n  \"Statement\": [\n    {\n      \"Sid\": \"\",\n      \"Effect\": \"Allow\",\n      \"Action\": \"sts:AssumeRole\",\n      \"Principal\": {\n        \"AWS\": \"arn:aws:iam::061587139304:root\"\n      }\n    }\n  ]\n}",
            "override_json": null,
            "policy_id": null,
            "source_json": null,
            "statement": [
              {
                "actions": [
                  "sts:AssumeRole"
                ],
                "condition": [],
                "effect": "Allow",
                "not_actions": [],
                "not_principals": [],
                "not_resources": [],
                "principals": [
                  {
                    "identifiers": [
                      "arn:aws:iam::061587139304:root"
                    ],
                    "type": "AWS"
                  }
                ],
                "resources": [],
                "sid": ""
              }
            ],
            "version": "2012-10-17"
          }
        }
      ]
    },
    {
      "mode": "managed",
      "type": "aws_eks_cluster",
      "name": "eks-cluster",
      "provider": "provider.aws",
      "instances": [
        {
          "schema_version": 0,
          "attributes": {
            "arn": "arn:aws:eks:eu-west-3:061587139304:cluster/cluster01",
            "certificate_authority": [
              {
                "data": "LS0tLS1CRUdJTiBDRVJUSUZJQ0FURS0tLS0tCk1JSUN5RENDQWJDZ0F3SUJBZ0lCQURBTkJna3Foa2lHOXcwQkFRc0ZBREFWTVJNd0VRWURWUVFERXdwcmRXSmwKY201bGRHVnpNQjRYRFRJd01EUXdOakV5TlRjd04xb1hEVE13TURRd05ERXlOVGN3TjFvd0ZURVRNQkVHQTFVRQpBeE1LYTNWaVpYSnVaWFJsY3pDQ0FTSXdEUVlKS29aSWh2Y05BUUVCQlFBRGdnRVBBRENDQVFvQ2dnRUJBSlp2CmZWSG1YNUtUV2VaTEJibkZ6YkZSODRhayswYWh3S2JpeEtVOUZId2pmUXJjVTJQYjVHYXpRRnk0NnZzMHZEQkkKeVVYVFl1NzhlWmNpWTJTUm9nVUNoSU5Wa2xjelcvWEZqdjl0R1VWbldVZlZvNHMxbC91Uk9jaVAyM3M0R1JZSgplY2VJM05GMERqUkFpbWl6MGxvT1k5Wk8xSkJnL0FtSExidzhLNS82TDIzMzAvUmVrdjRBMjlSWkc2M3dRakh4Ck1VVFBGclo3QTdsMHQ3b2p6cFh6VVFwZXQ0SG1mOG94SVVwVmJFdmVRYlZ3MWllOWh2T1YzbDY0UTBjaGY3dlcKUVRjYVdXWFcwQlRkRXdreEJpRUtnR2hHOUJqV1ZrU1hwd0FvWExxUXhYWHFPTlI1QVBxcCtRTFpkK1JEVXdRegpJVEcwTkJhZzNmUTJ1QmFPcjk4Q0F3RUFBYU1qTUNFd0RnWURWUjBQQVFIL0JBUURBZ0trTUE4R0ExVWRFd0VCCi93UUZNQU1CQWY4d0RRWUpLb1pJaHZjTkFRRUxCUUFEZ2dFQkFDZ0x5K29IbXQ0UnB3N1AwUDA0SFB6WUVZekgKQVpxWmNaYVBnWEV0eTNwWXpzK1hzK0dnZXk1QkE5d2N2Ykp4cTc2dkFYK1JlVUQzSmFzcldlUjJFZ3ozWVFHZQpIaHhUWklERnp4OHpEbE1xek5QK0docmVOenp5Z29WQWt0Y0hUTTBQVjFsaUtwdWxwUmFFc29oUnJDa1JBYWxECkdXTlArUVpxdmlNY0FTMkxjeVZ5WGNPRzgraDg0SG5OWUZNYjdiUjNpSXJFcXZzaW5kd1cvQi90Sy9EL0NIRlYKdm1XbGw5RWJzMEdUcnZUQWdmbWQ2dXg2UmhoQ1l4c2dJdFZBdmcyM083NHpVM3RSbE90cWY1WmNOQVBDdDMrVwp5U0FsbVE5U0JuTWc5bE53UG9FZjFTZVlKb0U3VFlUeTlDTWRzeVRqd3JtdUZzMFJvWms1MkJWNTBiVT0KLS0tLS1FTkQgQ0VSVElGSUNBVEUtLS0tLQo="
              }
            ],
            "created_at": "2020-04-06 12:50:21 +0000 UTC",
            "enabled_cluster_log_types": [
              "api",
              "audit",
              "authenticator",
              "controllerManager",
              "scheduler"
            ],
            "endpoint": "https://AB64DA0163B3523D4B60242F5B0E18F9.yl4.eu-west-3.eks.amazonaws.com",
            "id": "cluster01",
            "identity": [
              {
                "oidc": [
                  {
                    "issuer": "https://oidc.eks.eu-west-3.amazonaws.com/id/AB64DA0163B3523D4B60242F5B0E18F9"
                  }
                ]
              }
            ],
            "name": "cluster01",
            "platform_version": "eks.1",
            "role_arn": "arn:aws:iam::061587139304:role/role-eks-master",
            "status": "ACTIVE",
            "tags": {
              "Name": "eks-cluster-001"
            },
            "timeouts": null,
            "version": "1.15",
            "vpc_config": [
              {
                "cluster_security_group_id": "sg-032f9df60ba6857fd",
                "endpoint_private_access": true,
                "endpoint_public_access": true,
                "public_access_cidrs": [
                  "0.0.0.0/0"
                ],
                "security_group_ids": [
                  "sg-01a42e4e3e42a1d65"
                ],
                "subnet_ids": [
                  "subnet-01f64f1ce8801a592",
                  "subnet-0d67d9ef5705cb63f"
                ],
                "vpc_id": "vpc-0c8bc1e62f89c7dda"
              }
            ]
          },
          "private": "eyJlMmJmYjczMC1lY2FhLTExZTYtOGY4OC0zNDM2M2JjN2M0YzAiOnsiY3JlYXRlIjoxODAwMDAwMDAwMDAwLCJkZWxldGUiOjkwMDAwMDAwMDAwMCwidXBkYXRlIjozNjAwMDAwMDAwMDAwfX0=",
          "dependencies": [
            "aws_iam_role.eks-master-iam",
            "aws_security_group.eks_sg",
            "aws_subnet.subnets",
            "aws_vpc.vpc"
          ]
        }
      ]
    },
    {
      "mode": "managed",
      "type": "aws_iam_instance_profile",
      "name": "node",
      "provider": "provider.aws",
      "instances": [
        {
          "schema_version": 0,
          "attributes": {
            "arn": "arn:aws:iam::061587139304:instance-profile/poc-instance-profile-eks-node",
            "create_date": "2020-04-06T12:50:07Z",
            "id": "poc-instance-profile-eks-node",
            "name": "poc-instance-profile-eks-node",
            "name_prefix": null,
            "path": "/",
            "role": "poc-role-eks-node",
            "roles": [
              "poc-role-eks-node"
            ],
            "unique_id": "AIPAQ4VXBFLUCRSARTW4S"
          },
          "private": "bnVsbA==",
          "dependencies": [
            "aws_iam_role.eks-node-iam"
          ]
        }
      ]
    },
    {
      "mode": "managed",
      "type": "aws_iam_role",
      "name": "eks-master-iam",
      "provider": "provider.aws",
      "instances": [
        {
          "schema_version": 0,
          "attributes": {
            "arn": "arn:aws:iam::061587139304:role/role-eks-master",
            "assume_role_policy": "{\"Version\":\"2012-10-17\",\"Statement\":[{\"Effect\":\"Allow\",\"Principal\":{\"Service\":\"eks.amazonaws.com\"},\"Action\":\"sts:AssumeRole\"}]}",
            "create_date": "2020-04-06T12:50:06Z",
            "description": "",
            "force_detach_policies": false,
            "id": "role-eks-master",
            "max_session_duration": 3600,
            "name": "role-eks-master",
            "name_prefix": null,
            "path": "/",
            "permissions_boundary": null,
            "tags": {},
            "unique_id": "AROAQ4VXBFLUGF65EIKBA"
          },
          "private": "bnVsbA=="
        }
      ]
    },
    {
      "mode": "managed",
      "type": "aws_iam_role",
      "name": "eks-node-iam",
      "provider": "provider.aws",
      "instances": [
        {
          "schema_version": 0,
          "attributes": {
            "arn": "arn:aws:iam::061587139304:role/poc-role-eks-node",
            "assume_role_policy": "{\"Version\":\"2012-10-17\",\"Statement\":[{\"Effect\":\"Allow\",\"Principal\":{\"Service\":\"ec2.amazonaws.com\"},\"Action\":\"sts:AssumeRole\"}]}",
            "create_date": "2020-04-06T12:50:06Z",
            "description": "",
            "force_detach_policies": false,
            "id": "poc-role-eks-node",
            "max_session_duration": 3600,
            "name": "poc-role-eks-node",
            "name_prefix": null,
            "path": "/",
            "permissions_boundary": null,
            "tags": {},
            "unique_id": "AROAQ4VXBFLUBVYO36LYM"
          },
          "private": "bnVsbA=="
        }
      ]
    },
    {
      "mode": "managed",
      "type": "aws_iam_role",
      "name": "eks_kubectl_role",
      "provider": "provider.aws",
      "instances": [
        {
          "schema_version": 0,
          "attributes": {
            "arn": "arn:aws:iam::061587139304:role/poc-kubectl-access-role",
            "assume_role_policy": "{\"Version\":\"2012-10-17\",\"Statement\":[{\"Sid\":\"\",\"Effect\":\"Allow\",\"Principal\":{\"AWS\":\"arn:aws:iam::061587139304:root\"},\"Action\":\"sts:AssumeRole\"}]}",
            "create_date": "2020-04-06T12:50:06Z",
            "description": "",
            "force_detach_policies": false,
            "id": "poc-kubectl-access-role",
            "max_session_duration": 3600,
            "name": "poc-kubectl-access-role",
            "name_prefix": null,
            "path": "/",
            "permissions_boundary": null,
            "tags": {},
            "unique_id": "AROAQ4VXBFLUN3YD5TKL7"
          },
          "private": "bnVsbA=="
        }
      ]
    },
    {
      "mode": "managed",
      "type": "aws_iam_role_policy_attachment",
      "name": "cluster-AmazonEKSClusterPolicy",
      "provider": "provider.aws",
      "instances": [
        {
          "schema_version": 0,
          "attributes": {
            "id": "role-eks-master-20200406125027900800000008",
            "policy_arn": "arn:aws:iam::aws:policy/AmazonEKSClusterPolicy",
            "role": "role-eks-master"
          },
          "private": "bnVsbA==",
          "dependencies": [
            "aws_iam_role.eks-master-iam"
          ]
        }
      ]
    },
    {
      "mode": "managed",
      "type": "aws_iam_role_policy_attachment",
      "name": "cluster-AmazonEKSServicePolicy",
      "provider": "provider.aws",
      "instances": [
        {
          "schema_version": 0,
          "attributes": {
            "id": "role-eks-master-20200406125026954400000007",
            "policy_arn": "arn:aws:iam::aws:policy/AmazonEKSServicePolicy",
            "role": "role-eks-master"
          },
          "private": "bnVsbA==",
          "dependencies": [
            "aws_iam_role.eks-master-iam"
          ]
        }
      ]
    },
    {
      "mode": "managed",
      "type": "aws_iam_role_policy_attachment",
      "name": "eks-node-AmazonEC2ContainerRegistryReadOnly",
      "provider": "provider.aws",
      "instances": [
        {
          "schema_version": 0,
          "attributes": {
            "id": "poc-role-eks-node-20200406125026892900000005",
            "policy_arn": "arn:aws:iam::aws:policy/AmazonEC2ContainerRegistryReadOnly",
            "role": "poc-role-eks-node"
          },
          "private": "bnVsbA==",
          "dependencies": [
            "aws_iam_role.eks-node-iam"
          ]
        }
      ]
    },
    {
      "mode": "managed",
      "type": "aws_iam_role_policy_attachment",
      "name": "eks-node-AmazonEKSWorkerNodePolicy",
      "provider": "provider.aws",
      "instances": [
        {
          "schema_version": 0,
          "attributes": {
            "id": "poc-role-eks-node-20200406125026883000000004",
            "policy_arn": "arn:aws:iam::aws:policy/AmazonEKSWorkerNodePolicy",
            "role": "poc-role-eks-node"
          },
          "private": "bnVsbA==",
          "dependencies": [
            "aws_iam_role.eks-node-iam"
          ]
        }
      ]
    },
    {
      "mode": "managed",
      "type": "aws_iam_role_policy_attachment",
      "name": "eks-node-AmazonEKS_CNI_Policy",
      "provider": "provider.aws",
      "instances": [
        {
          "schema_version": 0,
          "attributes": {
            "id": "poc-role-eks-node-20200406125026934100000006",
            "policy_arn": "arn:aws:iam::aws:policy/AmazonEKS_CNI_Policy",
            "role": "poc-role-eks-node"
          },
          "private": "bnVsbA==",
          "dependencies": [
            "aws_iam_role.eks-node-iam"
          ]
        }
      ]
    },
    {
      "mode": "managed",
      "type": "aws_iam_role_policy_attachment",
      "name": "eks_kubectl-AmazonEKSClusterPolicy",
      "provider": "provider.aws",
      "instances": [
        {
          "schema_version": 0,
          "attributes": {
            "id": "poc-kubectl-access-role-20200406125026840900000001",
            "policy_arn": "arn:aws:iam::aws:policy/AmazonEKSClusterPolicy",
            "role": "poc-kubectl-access-role"
          },
          "private": "bnVsbA==",
          "dependencies": [
            "aws_iam_role.eks_kubectl_role"
          ]
        }
      ]
    },
    {
      "mode": "managed",
      "type": "aws_iam_role_policy_attachment",
      "name": "eks_kubectl-AmazonEKSServicePolicy",
      "provider": "provider.aws",
      "instances": [
        {
          "schema_version": 0,
          "attributes": {
            "id": "poc-kubectl-access-role-20200406125026863900000002",
            "policy_arn": "arn:aws:iam::aws:policy/AmazonEKSServicePolicy",
            "role": "poc-kubectl-access-role"
          },
          "private": "bnVsbA==",
          "dependencies": [
            "aws_iam_role.eks_kubectl_role"
          ]
        }
      ]
    },
    {
      "mode": "managed",
      "type": "aws_iam_role_policy_attachment",
      "name": "eks_kubectl-AmazonEKSWorkerNodePolicy",
      "provider": "provider.aws",
      "instances": [
        {
          "schema_version": 0,
          "attributes": {
            "id": "poc-kubectl-access-role-20200406125026880900000003",
            "policy_arn": "arn:aws:iam::aws:policy/AmazonEKSWorkerNodePolicy",
            "role": "poc-kubectl-access-role"
          },
          "private": "bnVsbA==",
          "dependencies": [
            "aws_iam_role.eks_kubectl_role"
          ]
        }
      ]
    },
    {
      "mode": "managed",
      "type": "aws_internet_gateway",
      "name": "igw",
      "provider": "provider.aws",
      "instances": [
        {
          "schema_version": 0,
          "attributes": {
            "id": "igw-025356d80231a10e9",
            "owner_id": "061587139304",
            "tags": {
              "Name": "ig-001"
            },
            "vpc_id": "vpc-0c8bc1e62f89c7dda"
          },
          "private": "bnVsbA==",
          "dependencies": [
            "aws_vpc.vpc"
          ]
        }
      ]
    },
    {
      "mode": "managed",
      "type": "aws_security_group",
      "name": "eks_sg",
      "provider": "provider.aws",
      "instances": [
        {
          "schema_version": 1,
          "attributes": {
            "arn": "arn:aws:ec2:eu-west-3:061587139304:security-group/sg-01a42e4e3e42a1d65",
            "description": "EKS Security Group",
            "egress": [
              {
                "cidr_blocks": [
                  "0.0.0.0/0"
                ],
                "description": "",
                "from_port": 0,
                "ipv6_cidr_blocks": [],
                "prefix_list_ids": [],
                "protocol": "-1",
                "security_groups": [],
                "self": false,
                "to_port": 0
              }
            ],
            "id": "sg-01a42e4e3e42a1d65",
            "ingress": [
              {
                "cidr_blocks": [],
                "description": "",
                "from_port": 0,
                "ipv6_cidr_blocks": [],
                "prefix_list_ids": [],
                "protocol": "-1",
                "security_groups": [],
                "self": true,
                "to_port": 0
              }
            ],
            "name": "sgeks",
            "name_prefix": null,
            "owner_id": "061587139304",
            "revoke_rules_on_delete": false,
            "tags": {},
            "timeouts": null,
            "vpc_id": "vpc-0c8bc1e62f89c7dda"
          },
          "private": "eyJlMmJmYjczMC1lY2FhLTExZTYtOGY4OC0zNDM2M2JjN2M0YzAiOnsiY3JlYXRlIjo2MDAwMDAwMDAwMDAsImRlbGV0ZSI6NjAwMDAwMDAwMDAwfSwic2NoZW1hX3ZlcnNpb24iOiIxIn0=",
          "dependencies": [
            "aws_vpc.vpc"
          ]
        }
      ]
    },
    {
      "mode": "managed",
      "type": "aws_security_group_rule",
      "name": "allow_all_eks",
      "provider": "provider.aws",
      "instances": [
        {
          "schema_version": 2,
          "attributes": {
            "cidr_blocks": [],
            "description": "",
            "from_port": 0,
            "id": "sgrule-3279684713",
            "ipv6_cidr_blocks": [],
            "prefix_list_ids": [],
            "protocol": "-1",
            "security_group_id": "sg-01a42e4e3e42a1d65",
            "self": false,
            "source_security_group_id": "sg-01a42e4e3e42a1d65",
            "to_port": 0,
            "type": "ingress"
          },
          "private": "eyJzY2hlbWFfdmVyc2lvbiI6IjIifQ==",
          "dependencies": [
            "aws_security_group.eks_sg",
            "aws_vpc.vpc"
          ]
        }
      ]
    },
    {
      "mode": "managed",
      "type": "aws_security_group_rule",
      "name": "egress_default_EKS",
      "provider": "provider.aws",
      "instances": [
        {
          "schema_version": 2,
          "attributes": {
            "cidr_blocks": [
              "0.0.0.0/0"
            ],
            "description": "",
            "from_port": 0,
            "id": "sgrule-3409185824",
            "ipv6_cidr_blocks": [],
            "prefix_list_ids": [],
            "protocol": "-1",
            "security_group_id": "sg-01a42e4e3e42a1d65",
            "self": false,
            "source_security_group_id": null,
            "to_port": 0,
            "type": "egress"
          },
          "private": "eyJzY2hlbWFfdmVyc2lvbiI6IjIifQ==",
          "dependencies": [
            "aws_security_group.eks_sg",
            "aws_vpc.vpc"
          ]
        }
      ]
    },
    {
      "mode": "managed",
      "type": "aws_subnet",
      "name": "subnets",
      "each": "list",
      "provider": "provider.aws",
      "instances": [
        {
          "index_key": 0,
          "schema_version": 1,
          "attributes": {
            "arn": "arn:aws:ec2:eu-west-3:061587139304:subnet/subnet-0d67d9ef5705cb63f",
            "assign_ipv6_address_on_creation": false,
            "availability_zone": "eu-west-3a",
            "availability_zone_id": "euw3-az1",
            "cidr_block": "10.0.1.0/24",
            "id": "subnet-0d67d9ef5705cb63f",
            "ipv6_cidr_block": "",
            "ipv6_cidr_block_association_id": "",
            "map_public_ip_on_launch": true,
            "owner_id": "061587139304",
            "tags": {
              "Name": "snet-public-01",
              "kubernetes.io/role/elb": "1"
            },
            "timeouts": null,
            "vpc_id": "vpc-0c8bc1e62f89c7dda"
          },
          "private": "eyJlMmJmYjczMC1lY2FhLTExZTYtOGY4OC0zNDM2M2JjN2M0YzAiOnsiY3JlYXRlIjo2MDAwMDAwMDAwMDAsImRlbGV0ZSI6MTIwMDAwMDAwMDAwMH0sInNjaGVtYV92ZXJzaW9uIjoiMSJ9",
          "dependencies": [
            "aws_vpc.vpc"
          ]
        },
        {
          "index_key": 1,
          "schema_version": 1,
          "attributes": {
            "arn": "arn:aws:ec2:eu-west-3:061587139304:subnet/subnet-01f64f1ce8801a592",
            "assign_ipv6_address_on_creation": false,
            "availability_zone": "eu-west-3b",
            "availability_zone_id": "euw3-az2",
            "cidr_block": "10.0.2.0/24",
            "id": "subnet-01f64f1ce8801a592",
            "ipv6_cidr_block": "",
            "ipv6_cidr_block_association_id": "",
            "map_public_ip_on_launch": true,
            "owner_id": "061587139304",
            "tags": {
              "Name": "snet-public-02",
              "kubernetes.io/role/elb": "1"
            },
            "timeouts": null,
            "vpc_id": "vpc-0c8bc1e62f89c7dda"
          },
          "private": "eyJlMmJmYjczMC1lY2FhLTExZTYtOGY4OC0zNDM2M2JjN2M0YzAiOnsiY3JlYXRlIjo2MDAwMDAwMDAwMDAsImRlbGV0ZSI6MTIwMDAwMDAwMDAwMH0sInNjaGVtYV92ZXJzaW9uIjoiMSJ9",
          "dependencies": [
            "aws_vpc.vpc"
          ]
        }
      ]
    },
    {
      "mode": "managed",
      "type": "aws_vpc",
      "name": "vpc",
      "provider": "provider.aws",
      "instances": [
        {
          "schema_version": 1,
          "attributes": {
            "arn": "arn:aws:ec2:eu-west-3:061587139304:vpc/vpc-0c8bc1e62f89c7dda",
            "assign_generated_ipv6_cidr_block": false,
            "cidr_block": "10.0.0.0/16",
            "default_network_acl_id": "acl-098cbc9299184c838",
            "default_route_table_id": "rtb-0f0e8178aed9e635e",
            "default_security_group_id": "sg-09553b3fd834e8c44",
            "dhcp_options_id": "dopt-ba3b2bd3",
            "enable_classiclink": null,
            "enable_classiclink_dns_support": null,
            "enable_dns_hostnames": true,
            "enable_dns_support": true,
            "id": "vpc-0c8bc1e62f89c7dda",
            "instance_tenancy": "default",
            "ipv6_association_id": "",
            "ipv6_cidr_block": "",
            "main_route_table_id": "rtb-0f0e8178aed9e635e",
            "owner_id": "061587139304",
            "tags": {
              "Name": "vpc-001"
            }
          },
          "private": "eyJzY2hlbWFfdmVyc2lvbiI6IjEifQ=="
        }
      ]
    },
    {
      "mode": "managed",
      "type": "kubernetes_config_map",
      "name": "aws_auth_configmap",
      "provider": "provider.kubernetes",
      "instances": [
        {
          "schema_version": 0,
          "attributes": {
            "binary_data": null,
            "data": {
              "mapRoles": "- rolearn: arn:aws:iam::061587139304:role/poc-role-eks-node\r\n  username: system:node:{{EC2PrivateDNSName}}\r\n  groups:\r\n    - system:bootstrappers\r\n    - system:nodes\r\n- rolearn: arn:aws:iam::061587139304:role/poc-kubectl-access-role\r\n  username: poc-kubectl-access-role\r\n  groups:\r\n    - system:masters\r\n"
            },
            "id": "kube-system/aws-auth-poc",
            "metadata": [
              {
                "annotations": null,
                "generate_name": "",
                "generation": 0,
                "labels": null,
                "name": "aws-auth-poc",
                "namespace": "kube-system",
                "resource_version": "7269029",
                "self_link": "/api/v1/namespaces/kube-system/configmaps/aws-auth-poc",
                "uid": "13910393-7808-11ea-a447-0671659e829e"
              }
            ]
          },
          "private": "bnVsbA==",
          "dependencies": [
            "aws_iam_role.eks-node-iam",
            "aws_iam_role.eks_kubectl_role"
          ]
        }
      ]
    }
  ]
}
